
Microsoft Visual Studio Solution File, Format Version 12.00
# Visual Studio Version 17
VisualStudioVersion = 17.13.35825.156 d17.13
MinimumVisualStudioVersion = 10.0.40219.1
Project("{FAE04EC0-301F-11D3-BF4B-00C04F79EFBC}") = "SchoolProject.API", "SchoolProject.API\SchoolProject.API.csproj", "{AE0C7063-63EF-432D-B231-ACE3A9E6ACE7}"
EndProject
Project("{FAE04EC0-301F-11D3-BF4B-00C04F79EFBC}") = "SchoolProject.Data", "SchoolProject.Data\SchoolProject.Data.csproj", "{C3B8A3E0-47A1-42D0-A7DD-971E25D6F3BA}"
EndProject
Project("{FAE04EC0-301F-11D3-BF4B-00C04F79EFBC}") = "SchoolProject.infraStructure", "SchoolProject.infraStructure\SchoolProject.infraStructure.csproj", "{28625CF8-6F77-4837-B581-1658E439D808}"
EndProject
Project("{FAE04EC0-301F-11D3-BF4B-00C04F79EFBC}") = "SchoolProject.Service", "SchoolProject.Service\SchoolProject.Service.csproj", "{7340F96F-7E2A-47DD-A4E5-78D6193D0831}"
EndProject
Project("{FAE04EC0-301F-11D3-BF4B-00C04F79EFBC}") = "SchoolProject.Core", "SchoolProject.Core\SchoolProject.Core.csproj", "{FA6F2AD9-3326-4239-9F7D-F16CEC7DF509}"
EndProject
Global
	GlobalSection(SolutionConfigurationPlatforms) = preSolution
		Debug|Any CPU = Debug|Any CPU
		Release|Any CPU = Release|Any CPU
	EndGlobalSection
	GlobalSection(ProjectConfigurationPlatforms) = postSolution
		{AE0C7063-63EF-432D-B231-ACE3A9E6ACE7}.Debug|Any CPU.ActiveCfg = Debug|Any CPU
		{AE0C7063-63EF-432D-B231-ACE3A9E6ACE7}.Debug|Any CPU.Build.0 = Debug|Any CPU
		{AE0C7063-63EF-432D-B231-ACE3A9E6ACE7}.Release|Any CPU.ActiveCfg = Release|Any CPU
		{AE0C7063-63EF-432D-B231-ACE3A9E6ACE7}.Release|Any CPU.Build.0 = Release|Any CPU
		{C3B8A3E0-47A1-42D0-A7DD-971E25D6F3BA}.Debug|Any CPU.ActiveCfg = Debug|Any CPU
		{C3B8A3E0-47A1-42D0-A7DD-971E25D6F3BA}.Debug|Any CPU.Build.0 = Debug|Any CPU
		{C3B8A3E0-47A1-42D0-A7DD-971E25D6F3BA}.Release|Any CPU.ActiveCfg = Release|Any CPU
		{C3B8A3E0-47A1-42D0-A7DD-971E25D6F3BA}.Release|Any CPU.Build.0 = Release|Any CPU
		{28625CF8-6F77-4837-B581-1658E439D808}.Debug|Any CPU.ActiveCfg = Debug|Any CPU
		{28625CF8-6F77-4837-B581-1658E439D808}.Debug|Any CPU.Build.0 = Debug|Any CPU
		{28625CF8-6F77-4837-B581-1658E439D808}.Release|Any CPU.ActiveCfg = Release|Any CPU
		{28625CF8-6F77-4837-B581-1658E439D808}.Release|Any CPU.Build.0 = Release|Any CPU
		{7340F96F-7E2A-47DD-A4E5-78D6193D0831}.Debug|Any CPU.ActiveCfg = Debug|Any CPU
		{7340F96F-7E2A-47DD-A4E5-78D6193D0831}.Debug|Any CPU.Build.0 = Debug|Any CPU
		{7340F96F-7E2A-47DD-A4E5-78D6193D0831}.Release|Any CPU.ActiveCfg = Release|Any CPU
		{7340F96F-7E2A-47DD-A4E5-78D6193D0831}.Release|Any CPU.Build.0 = Release|Any CPU
		{FA6F2AD9-3326-4239-9F7D-F16CEC7DF509}.Debug|Any CPU.ActiveCfg = Debug|Any CPU
		{FA6F2AD9-3326-4239-9F7D-F16CEC7DF509}.Debug|Any CPU.Build.0 = Debug|Any CPU
		{FA6F2AD9-3326-4239-9F7D-F16CEC7DF509}.Release|Any CPU.ActiveCfg = Release|Any CPU
		{FA6F2AD9-3326-4239-9F7D-F16CEC7DF509}.Release|Any CPU.Build.0 = Release|Any CPU
	EndGlobalSection
	GlobalSection(SolutionProperties) = preSolution
		HideSolutionNode = FALSE
	EndGlobalSection
	GlobalSection(ExtensibilityGlobals) = postSolution
		SolutionGuid = {BB740F9F-B392-40BB-9064-F122F68CBC78}
	EndGlobalSection
EndGlobal
